
Microsoft Visual Studio Solution File, Format Version 12.00
# Visual Studio Version 16
VisualStudioVersion = 16.0.30413.136
MinimumVisualStudioVersion = 10.0.40219.1
Project("{FAE04EC0-301F-11D3-BF4B-00C04F79EFBC}") = "ChessAPI", "ChessAPI.csproj", "{417E9212-AE16-433F-B2E2-2B72FED28CCC}"
EndProject
Global
	GlobalSection(SolutionConfigurationPlatforms) = preSolution
		Debug|Any CPU = Debug|Any CPU
		Release|Any CPU = Release|Any CPU
	EndGlobalSection
	GlobalSection(ProjectConfigurationPlatforms) = postSolution
		{417E9212-AE16-433F-B2E2-2B72FED28CCC}.Debug|Any CPU.ActiveCfg = Release|Any CPU
		{417E9212-AE16-433F-B2E2-2B72FED28CCC}.Debug|Any CPU.Build.0 = Release|Any CPU
		{417E9212-AE16-433F-B2E2-2B72FED28CCC}.Release|Any CPU.ActiveCfg = Release|Any CPU
		{417E9212-AE16-433F-B2E2-2B72FED28CCC}.Release|Any CPU.Build.0 = Release|Any CPU
	EndGlobalSection
	GlobalSection(SolutionProperties) = preSolution
		HideSolutionNode = FALSE
	EndGlobalSection
	GlobalSection(ExtensibilityGlobals) = postSolution
		SolutionGuid = {B7193CFA-007C-4359-9AC2-1F9D18E9130E}
	EndGlobalSection
EndGlobal
